
Microsoft Visual Studio Solution File, Format Version 12.00
# Visual Studio Version 17
VisualStudioVersion = 17.0.31903.59
MinimumVisualStudioVersion = 10.0.40219.1
Project("{2150E333-8FDC-42A3-9474-1A3956D46DE8}") = "src", "src", "{CC051A29-6D42-489E-88C7-3DAB845A6279}"
EndProject
Project("{FAE04EC0-301F-11D3-BF4B-00C04F79EFBC}") = "BorsaAnaliz.Web", "src\BorsaAnaliz.Web\BorsaAnaliz.Web.csproj", "{5F9C76F5-194E-40EB-AD85-6E91FDBCD6B0}"
EndProject
Global
	GlobalSection(SolutionConfigurationPlatforms) = preSolution
		Debug|Any CPU = Debug|Any CPU
		Release|Any CPU = Release|Any CPU
	EndGlobalSection
	GlobalSection(SolutionProperties) = preSolution
		HideSolutionNode = FALSE
	EndGlobalSection
	GlobalSection(ProjectConfigurationPlatforms) = postSolution
		{5F9C76F5-194E-40EB-AD85-6E91FDBCD6B0}.Debug|Any CPU.ActiveCfg = Debug|Any CPU
		{5F9C76F5-194E-40EB-AD85-6E91FDBCD6B0}.Debug|Any CPU.Build.0 = Debug|Any CPU
		{5F9C76F5-194E-40EB-AD85-6E91FDBCD6B0}.Release|Any CPU.ActiveCfg = Release|Any CPU
		{5F9C76F5-194E-40EB-AD85-6E91FDBCD6B0}.Release|Any CPU.Build.0 = Release|Any CPU
	EndGlobalSection
	GlobalSection(NestedProjects) = preSolution
		{5F9C76F5-194E-40EB-AD85-6E91FDBCD6B0} = {CC051A29-6D42-489E-88C7-3DAB845A6279}
	EndGlobalSection
EndGlobal
